
Microsoft Visual Studio Solution File, Format Version 12.00
# Visual Studio Version 16
VisualStudioVersion = 16.0.31729.503
MinimumVisualStudioVersion = 10.0.40219.1
Project("{FAE04EC0-301F-11D3-BF4B-00C04F79EFBC}") = "MoodAnalyserProject", "MoodAnalyserProject\MoodAnalyserProject.csproj", "{1F832993-30EA-4E51-9272-411F48DDEC21}"
EndProject
Project("{FAE04EC0-301F-11D3-BF4B-00C04F79EFBC}") = "TestProject1", "TestProject1\TestProject1.csproj", "{2F69306A-D7AD-4DF4-95AB-D94BFDF9C13B}"
EndProject
Global
	GlobalSection(SolutionConfigurationPlatforms) = preSolution
		Debug|Any CPU = Debug|Any CPU
		Release|Any CPU = Release|Any CPU
	EndGlobalSection
	GlobalSection(ProjectConfigurationPlatforms) = postSolution
		{1F832993-30EA-4E51-9272-411F48DDEC21}.Debug|Any CPU.ActiveCfg = Debug|Any CPU
		{1F832993-30EA-4E51-9272-411F48DDEC21}.Debug|Any CPU.Build.0 = Debug|Any CPU
		{1F832993-30EA-4E51-9272-411F48DDEC21}.Release|Any CPU.ActiveCfg = Release|Any CPU
		{1F832993-30EA-4E51-9272-411F48DDEC21}.Release|Any CPU.Build.0 = Release|Any CPU
		{2F69306A-D7AD-4DF4-95AB-D94BFDF9C13B}.Debug|Any CPU.ActiveCfg = Debug|Any CPU
		{2F69306A-D7AD-4DF4-95AB-D94BFDF9C13B}.Debug|Any CPU.Build.0 = Debug|Any CPU
		{2F69306A-D7AD-4DF4-95AB-D94BFDF9C13B}.Release|Any CPU.ActiveCfg = Release|Any CPU
		{2F69306A-D7AD-4DF4-95AB-D94BFDF9C13B}.Release|Any CPU.Build.0 = Release|Any CPU
	EndGlobalSection
	GlobalSection(SolutionProperties) = preSolution
		HideSolutionNode = FALSE
	EndGlobalSection
	GlobalSection(ExtensibilityGlobals) = postSolution
		SolutionGuid = {F60A73A7-A9FC-44C5-9CA9-31E7579D64DA}
	EndGlobalSection
EndGlobal
